// !$*UTF8*$!
{
	archiveVersion = 1;
	classes = {
	};
	objectVersion = 51;
	objects = {

/* Begin PBXBuildFile section */
		4740A5D8244B495400E5BAA1 /* BreweriesStorage.swift in Sources */ = {isa = PBXBuildFile; fileRef = 4740A5D7244B495400E5BAA1 /* BreweriesStorage.swift */; };
		474696E5249E1A210086B9B0 /* TextAttribute.swift in Sources */ = {isa = PBXBuildFile; fileRef = 474696E4249E1A210086B9B0 /* TextAttribute.swift */; };
		4763682A244E16BD00D477C1 /* Endpoint.swift in Sources */ = {isa = PBXBuildFile; fileRef = 47636829244E16BD00D477C1 /* Endpoint.swift */; };
		4763682C244E170300D477C1 /* DataLoader.swift in Sources */ = {isa = PBXBuildFile; fileRef = 4763682B244E170300D477C1 /* DataLoader.swift */; };
		4763682E244E174D00D477C1 /* BreweriesRepository.swift in Sources */ = {isa = PBXBuildFile; fileRef = 4763682D244E174D00D477C1 /* BreweriesRepository.swift */; };
		47636830244E17CF00D477C1 /* RealmDescribing.swift in Sources */ = {isa = PBXBuildFile; fileRef = 4763682F244E17CF00D477C1 /* RealmDescribing.swift */; };
		47688589244753EF006F14AF /* AppDelegate.swift in Sources */ = {isa = PBXBuildFile; fileRef = 47688588244753EF006F14AF /* AppDelegate.swift */; };
		4768858B244753EF006F14AF /* SceneDelegate.swift in Sources */ = {isa = PBXBuildFile; fileRef = 4768858A244753EF006F14AF /* SceneDelegate.swift */; };
		4768858D244753EF006F14AF /* BreweryView.swift in Sources */ = {isa = PBXBuildFile; fileRef = 4768858C244753EF006F14AF /* BreweryView.swift */; };
		47688590244753EF006F14AF /* Main.storyboard in Resources */ = {isa = PBXBuildFile; fileRef = 4768858E244753EF006F14AF /* Main.storyboard */; };
		47688592244753F5006F14AF /* Assets.xcassets in Resources */ = {isa = PBXBuildFile; fileRef = 47688591244753F5006F14AF /* Assets.xcassets */; };
		47688595244753F5006F14AF /* LaunchScreen.storyboard in Resources */ = {isa = PBXBuildFile; fileRef = 47688593244753F5006F14AF /* LaunchScreen.storyboard */; };
		4768859D2447561D006F14AF /* BreweryModel.swift in Sources */ = {isa = PBXBuildFile; fileRef = 4768859C2447561D006F14AF /* BreweryModel.swift */; };
		476885A724478092006F14AF /* MapView.swift in Sources */ = {isa = PBXBuildFile; fileRef = 476885A624478091006F14AF /* MapView.swift */; };
		476885A92447891D006F14AF /* Location.swift in Sources */ = {isa = PBXBuildFile; fileRef = 476885A82447891D006F14AF /* Location.swift */; };
		47B53F292499F7720056EF6F /* BreweryPresenter.swift in Sources */ = {isa = PBXBuildFile; fileRef = 47B53F282499F7720056EF6F /* BreweryPresenter.swift */; };
		47B53F2B2499F8720056EF6F /* Router.swift.swift in Sources */ = {isa = PBXBuildFile; fileRef = 47B53F2A2499F8720056EF6F /* Router.swift.swift */; };
		47B53F2F249A01EA0056EF6F /* BreweryView.xib in Resources */ = {isa = PBXBuildFile; fileRef = 47B53F2E249A01EA0056EF6F /* BreweryView.xib */; };
		47B53F33249A02DB0056EF6F /* MapPresenter.swift in Sources */ = {isa = PBXBuildFile; fileRef = 47B53F32249A02DB0056EF6F /* MapPresenter.swift */; };
		47B53F35249A053B0056EF6F /* AsselderBuilder.swift in Sources */ = {isa = PBXBuildFile; fileRef = 47B53F34249A053B0056EF6F /* AsselderBuilder.swift */; };
		47B53F39249A0F950056EF6F /* MapView.xib in Resources */ = {isa = PBXBuildFile; fileRef = 47B53F38249A0F950056EF6F /* MapView.xib */; };
		47B53F3F249A4B8B0056EF6F /* BreweryTableViewCell.swift in Sources */ = {isa = PBXBuildFile; fileRef = 47B53F3D249A4B8B0056EF6F /* BreweryTableViewCell.swift */; };
		47B53F40249A4B8B0056EF6F /* BreweryTableViewCell.xib in Resources */ = {isa = PBXBuildFile; fileRef = 47B53F3E249A4B8B0056EF6F /* BreweryTableViewCell.xib */; };
		4A68BF5058FFE68A7935E6B6 /* Pods_Breweries.framework in Frameworks */ = {isa = PBXBuildFile; fileRef = 4ED57FABFEF99F6B8EE070B8 /* Pods_Breweries.framework */; };
/* End PBXBuildFile section */

/* Begin PBXFileReference section */
		4740A5D7244B495400E5BAA1 /* BreweriesStorage.swift */ = {isa = PBXFileReference; lastKnownFileType = sourcecode.swift; path = BreweriesStorage.swift; sourceTree = "<group>"; };
		474696E4249E1A210086B9B0 /* TextAttribute.swift */ = {isa = PBXFileReference; lastKnownFileType = sourcecode.swift; path = TextAttribute.swift; sourceTree = "<group>"; };
		47636829244E16BD00D477C1 /* Endpoint.swift */ = {isa = PBXFileReference; lastKnownFileType = sourcecode.swift; path = Endpoint.swift; sourceTree = "<group>"; };
		4763682B244E170300D477C1 /* DataLoader.swift */ = {isa = PBXFileReference; lastKnownFileType = sourcecode.swift; path = DataLoader.swift; sourceTree = "<group>"; };
		4763682D244E174D00D477C1 /* BreweriesRepository.swift */ = {isa = PBXFileReference; lastKnownFileType = sourcecode.swift; path = BreweriesRepository.swift; sourceTree = "<group>"; };
		4763682F244E17CF00D477C1 /* RealmDescribing.swift */ = {isa = PBXFileReference; lastKnownFileType = sourcecode.swift; path = RealmDescribing.swift; sourceTree = "<group>"; };
		47688585244753EF006F14AF /* Breweries.app */ = {isa = PBXFileReference; explicitFileType = wrapper.application; includeInIndex = 0; path = Breweries.app; sourceTree = BUILT_PRODUCTS_DIR; };
		47688588244753EF006F14AF /* AppDelegate.swift */ = {isa = PBXFileReference; lastKnownFileType = sourcecode.swift; path = AppDelegate.swift; sourceTree = "<group>"; };
		4768858A244753EF006F14AF /* SceneDelegate.swift */ = {isa = PBXFileReference; lastKnownFileType = sourcecode.swift; path = SceneDelegate.swift; sourceTree = "<group>"; };
		4768858C244753EF006F14AF /* BreweryView.swift */ = {isa = PBXFileReference; lastKnownFileType = sourcecode.swift; path = BreweryView.swift; sourceTree = "<group>"; };
		4768858F244753EF006F14AF /* Base */ = {isa = PBXFileReference; lastKnownFileType = file.storyboard; name = Base; path = Base.lproj/Main.storyboard; sourceTree = "<group>"; };
		47688591244753F5006F14AF /* Assets.xcassets */ = {isa = PBXFileReference; lastKnownFileType = folder.assetcatalog; path = Assets.xcassets; sourceTree = "<group>"; };
		47688594244753F5006F14AF /* Base */ = {isa = PBXFileReference; lastKnownFileType = file.storyboard; name = Base; path = Base.lproj/LaunchScreen.storyboard; sourceTree = "<group>"; };
		47688596244753F5006F14AF /* Info.plist */ = {isa = PBXFileReference; lastKnownFileType = text.plist.xml; path = Info.plist; sourceTree = "<group>"; };
		4768859C2447561D006F14AF /* BreweryModel.swift */ = {isa = PBXFileReference; lastKnownFileType = sourcecode.swift; path = BreweryModel.swift; sourceTree = "<group>"; };
		476885A624478091006F14AF /* MapView.swift */ = {isa = PBXFileReference; lastKnownFileType = sourcecode.swift; path = MapView.swift; sourceTree = "<group>"; };
		476885A82447891D006F14AF /* Location.swift */ = {isa = PBXFileReference; lastKnownFileType = sourcecode.swift; path = Location.swift; sourceTree = "<group>"; };
		47B53F282499F7720056EF6F /* BreweryPresenter.swift */ = {isa = PBXFileReference; lastKnownFileType = sourcecode.swift; path = BreweryPresenter.swift; sourceTree = "<group>"; };
		47B53F2A2499F8720056EF6F /* Router.swift.swift */ = {isa = PBXFileReference; lastKnownFileType = sourcecode.swift; path = Router.swift.swift; sourceTree = "<group>"; };
		47B53F2E249A01EA0056EF6F /* BreweryView.xib */ = {isa = PBXFileReference; lastKnownFileType = file.xib; path = BreweryView.xib; sourceTree = "<group>"; };
		47B53F32249A02DB0056EF6F /* MapPresenter.swift */ = {isa = PBXFileReference; lastKnownFileType = sourcecode.swift; path = MapPresenter.swift; sourceTree = "<group>"; };
		47B53F34249A053B0056EF6F /* AsselderBuilder.swift */ = {isa = PBXFileReference; lastKnownFileType = sourcecode.swift; path = AsselderBuilder.swift; sourceTree = "<group>"; };
		47B53F38249A0F950056EF6F /* MapView.xib */ = {isa = PBXFileReference; lastKnownFileType = file.xib; path = MapView.xib; sourceTree = "<group>"; };
		47B53F3D249A4B8B0056EF6F /* BreweryTableViewCell.swift */ = {isa = PBXFileReference; lastKnownFileType = sourcecode.swift; path = BreweryTableViewCell.swift; sourceTree = "<group>"; };
		47B53F3E249A4B8B0056EF6F /* BreweryTableViewCell.xib */ = {isa = PBXFileReference; lastKnownFileType = file.xib; path = BreweryTableViewCell.xib; sourceTree = "<group>"; };
		4ED57FABFEF99F6B8EE070B8 /* Pods_Breweries.framework */ = {isa = PBXFileReference; explicitFileType = wrapper.framework; includeInIndex = 0; path = Pods_Breweries.framework; sourceTree = BUILT_PRODUCTS_DIR; };
		D59E50BD694652A606A86AC6 /* Pods-Breweries.debug.xcconfig */ = {isa = PBXFileReference; includeInIndex = 1; lastKnownFileType = text.xcconfig; name = "Pods-Breweries.debug.xcconfig"; path = "Target Support Files/Pods-Breweries/Pods-Breweries.debug.xcconfig"; sourceTree = "<group>"; };
		F493A0FA70DAD989DEAEA9C8 /* Pods-Breweries.release.xcconfig */ = {isa = PBXFileReference; includeInIndex = 1; lastKnownFileType = text.xcconfig; name = "Pods-Breweries.release.xcconfig"; path = "Target Support Files/Pods-Breweries/Pods-Breweries.release.xcconfig"; sourceTree = "<group>"; };
/* End PBXFileReference section */

/* Begin PBXFrameworksBuildPhase section */
		47688582244753EF006F14AF /* Frameworks */ = {
			isa = PBXFrameworksBuildPhase;
			buildActionMask = 2147483647;
			files = (
				4A68BF5058FFE68A7935E6B6 /* Pods_Breweries.framework in Frameworks */,
			);
			runOnlyForDeploymentPostprocessing = 0;
		};
/* End PBXFrameworksBuildPhase section */

/* Begin PBXGroup section */
		16A6E89FF381BD0D5B43A653 /* Frameworks */ = {
			isa = PBXGroup;
			children = (
				4ED57FABFEF99F6B8EE070B8 /* Pods_Breweries.framework */,
			);
			name = Frameworks;
			sourceTree = "<group>";
		};
		4740A5DD244D98C800E5BAA1 /* TableVIewCell */ = {
			isa = PBXGroup;
			children = (
				47B53F3D249A4B8B0056EF6F /* BreweryTableViewCell.swift */,
				47B53F3E249A4B8B0056EF6F /* BreweryTableViewCell.xib */,
			);
			path = TableVIewCell;
			sourceTree = "<group>";
		};
		4740A5DF244D993C00E5BAA1 /* BusinessLogic */ = {
			isa = PBXGroup;
			children = (
				4740A5E1244D995600E5BAA1 /* Repositories */,
				4740A5E0244D994C00E5BAA1 /* Services */,
			);
			path = BusinessLogic;
			sourceTree = "<group>";
		};
		4740A5E0244D994C00E5BAA1 /* Services */ = {
			isa = PBXGroup;
			children = (
				47636829244E16BD00D477C1 /* Endpoint.swift */,
				4763682B244E170300D477C1 /* DataLoader.swift */,
				4740A5D7244B495400E5BAA1 /* BreweriesStorage.swift */,
			);
			path = Services;
			sourceTree = "<group>";
		};
		4740A5E1244D995600E5BAA1 /* Repositories */ = {
			isa = PBXGroup;
			children = (
				4763682D244E174D00D477C1 /* BreweriesRepository.swift */,
				4763682F244E17CF00D477C1 /* RealmDescribing.swift */,
			);
			path = Repositories;
			sourceTree = "<group>";
		};
		4768857C244753EF006F14AF = {
			isa = PBXGroup;
			children = (
				47688587244753EF006F14AF /* Breweries */,
				47688586244753EF006F14AF /* Products */,
				84471AB4FB9FC328684295C8 /* Pods */,
				16A6E89FF381BD0D5B43A653 /* Frameworks */,
			);
			sourceTree = "<group>";
		};
		47688586244753EF006F14AF /* Products */ = {
			isa = PBXGroup;
			children = (
				47688585244753EF006F14AF /* Breweries.app */,
			);
			name = Products;
			sourceTree = "<group>";
		};
		47688587244753EF006F14AF /* Breweries */ = {
			isa = PBXGroup;
			children = (
				47688588244753EF006F14AF /* AppDelegate.swift */,
				4768858A244753EF006F14AF /* SceneDelegate.swift */,
				474696E4249E1A210086B9B0 /* TextAttribute.swift */,
				47B53F3A249A3C6E0056EF6F /* Builder */,
				47B53F2C2499F8760056EF6F /* Router */,
				47B53F262499F6B80056EF6F /* BreweryModule */,
				47B53F2D249A01A10056EF6F /* MapModule */,
				4740A5DF244D993C00E5BAA1 /* BusinessLogic */,
				4768858E244753EF006F14AF /* Main.storyboard */,
				47688591244753F5006F14AF /* Assets.xcassets */,
				47688593244753F5006F14AF /* LaunchScreen.storyboard */,
				47688596244753F5006F14AF /* Info.plist */,
			);
			path = Breweries;
			sourceTree = "<group>";
		};
		476885AA24483BD4006F14AF /* View */ = {
			isa = PBXGroup;
			children = (
				4768858C244753EF006F14AF /* BreweryView.swift */,
				47B53F2E249A01EA0056EF6F /* BreweryView.xib */,
				4740A5DD244D98C800E5BAA1 /* TableVIewCell */,
			);
			path = View;
			sourceTree = "<group>";
		};
		476885AB24483BEC006F14AF /* Model */ = {
			isa = PBXGroup;
			children = (
				4768859C2447561D006F14AF /* BreweryModel.swift */,
				476885A82447891D006F14AF /* Location.swift */,
			);
			path = Model;
			sourceTree = "<group>";
		};
		47B53F262499F6B80056EF6F /* BreweryModule */ = {
			isa = PBXGroup;
			children = (
				476885AA24483BD4006F14AF /* View */,
				476885AB24483BEC006F14AF /* Model */,
				47B53F272499F73B0056EF6F /* Presenter */,
			);
			path = BreweryModule;
			sourceTree = "<group>";
		};
		47B53F272499F73B0056EF6F /* Presenter */ = {
			isa = PBXGroup;
			children = (
				47B53F282499F7720056EF6F /* BreweryPresenter.swift */,
			);
			path = Presenter;
			sourceTree = "<group>";
		};
		47B53F2C2499F8760056EF6F /* Router */ = {
			isa = PBXGroup;
			children = (
				47B53F2A2499F8720056EF6F /* Router.swift.swift */,
			);
			path = Router;
			sourceTree = "<group>";
		};
		47B53F2D249A01A10056EF6F /* MapModule */ = {
			isa = PBXGroup;
			children = (
				47B53F30249A02B40056EF6F /* View */,
				47B53F31249A02BF0056EF6F /* Presenter */,
			);
			path = MapModule;
			sourceTree = "<group>";
		};
		47B53F30249A02B40056EF6F /* View */ = {
			isa = PBXGroup;
			children = (
				476885A624478091006F14AF /* MapView.swift */,
				47B53F38249A0F950056EF6F /* MapView.xib */,
			);
			path = View;
			sourceTree = "<group>";
		};
		47B53F31249A02BF0056EF6F /* Presenter */ = {
			isa = PBXGroup;
			children = (
				47B53F32249A02DB0056EF6F /* MapPresenter.swift */,
			);
			path = Presenter;
			sourceTree = "<group>";
		};
		47B53F3A249A3C6E0056EF6F /* Builder */ = {
			isa = PBXGroup;
			children = (
				47B53F34249A053B0056EF6F /* AsselderBuilder.swift */,
			);
			path = Builder;
			sourceTree = "<group>";
		};
		84471AB4FB9FC328684295C8 /* Pods */ = {
			isa = PBXGroup;
			children = (
				D59E50BD694652A606A86AC6 /* Pods-Breweries.debug.xcconfig */,
				F493A0FA70DAD989DEAEA9C8 /* Pods-Breweries.release.xcconfig */,
			);
			path = Pods;
			sourceTree = "<group>";
		};
/* End PBXGroup section */

/* Begin PBXNativeTarget section */
		47688584244753EF006F14AF /* Breweries */ = {
			isa = PBXNativeTarget;
			buildConfigurationList = 47688599244753F5006F14AF /* Build configuration list for PBXNativeTarget "Breweries" */;
			buildPhases = (
				1A4044F79C93F70EE394B060 /* [CP] Check Pods Manifest.lock */,
				47688581244753EF006F14AF /* Sources */,
				47688582244753EF006F14AF /* Frameworks */,
				47688583244753EF006F14AF /* Resources */,
				4EF50916C0A31202D1AF214B /* [CP] Embed Pods Frameworks */,
			);
			buildRules = (
			);
			dependencies = (
			);
			name = Breweries;
			productName = Breweries;
			productReference = 47688585244753EF006F14AF /* Breweries.app */;
			productType = "com.apple.product-type.application";
		};
/* End PBXNativeTarget section */

/* Begin PBXProject section */
		4768857D244753EF006F14AF /* Project object */ = {
			isa = PBXProject;
			attributes = {
				LastSwiftUpdateCheck = 1140;
				LastUpgradeCheck = 1140;
				ORGANIZATIONNAME = "Pavel Bondar";
				TargetAttributes = {
					47688584244753EF006F14AF = {
						CreatedOnToolsVersion = 11.4;
					};
				};
			};
			buildConfigurationList = 47688580244753EF006F14AF /* Build configuration list for PBXProject "Breweries" */;
			compatibilityVersion = "Xcode 9.3";
			developmentRegion = en;
			hasScannedForEncodings = 0;
			knownRegions = (
				en,
				Base,
			);
			mainGroup = 4768857C244753EF006F14AF;
			productRefGroup = 47688586244753EF006F14AF /* Products */;
			projectDirPath = "";
			projectRoot = "";
			targets = (
				47688584244753EF006F14AF /* Breweries */,
			);
		};
/* End PBXProject section */

/* Begin PBXResourcesBuildPhase section */
		47688583244753EF006F14AF /* Resources */ = {
			isa = PBXResourcesBuildPhase;
			buildActionMask = 2147483647;
			files = (
				47B53F40249A4B8B0056EF6F /* BreweryTableViewCell.xib in Resources */,
				47688595244753F5006F14AF /* LaunchScreen.storyboard in Resources */,
				47688592244753F5006F14AF /* Assets.xcassets in Resources */,
				47688590244753EF006F14AF /* Main.storyboard in Resources */,
				47B53F2F249A01EA0056EF6F /* BreweryView.xib in Resources */,
				47B53F39249A0F950056EF6F /* MapView.xib in Resources */,
			);
			runOnlyForDeploymentPostprocessing = 0;
		};
/* End PBXResourcesBuildPhase section */

/* Begin PBXShellScriptBuildPhase section */
		1A4044F79C93F70EE394B060 /* [CP] Check Pods Manifest.lock */ = {
			isa = PBXShellScriptBuildPhase;
			buildActionMask = 2147483647;
			files = (
			);
			inputFileListPaths = (
			);
			inputPaths = (
				"${PODS_PODFILE_DIR_PATH}/Podfile.lock",
				"${PODS_ROOT}/Manifest.lock",
			);
			name = "[CP] Check Pods Manifest.lock";
			outputFileListPaths = (
			);
			outputPaths = (
				"$(DERIVED_FILE_DIR)/Pods-Breweries-checkManifestLockResult.txt",
			);
			runOnlyForDeploymentPostprocessing = 0;
			shellPath = /bin/sh;
			shellScript = "diff \"${PODS_PODFILE_DIR_PATH}/Podfile.lock\" \"${PODS_ROOT}/Manifest.lock\" > /dev/null\nif [ $? != 0 ] ; then\n    # print error to STDERR\n    echo \"error: The sandbox is not in sync with the Podfile.lock. Run 'pod install' or update your CocoaPods installation.\" >&2\n    exit 1\nfi\n# This output is used by Xcode 'outputs' to avoid re-running this script phase.\necho \"SUCCESS\" > \"${SCRIPT_OUTPUT_FILE_0}\"\n";
			showEnvVarsInLog = 0;
		};
		4EF50916C0A31202D1AF214B /* [CP] Embed Pods Frameworks */ = {
			isa = PBXShellScriptBuildPhase;
			buildActionMask = 2147483647;
			files = (
			);
			inputFileListPaths = (
				"${PODS_ROOT}/Target Support Files/Pods-Breweries/Pods-Breweries-frameworks-${CONFIGURATION}-input-files.xcfilelist",
			);
			name = "[CP] Embed Pods Frameworks";
			outputFileListPaths = (
				"${PODS_ROOT}/Target Support Files/Pods-Breweries/Pods-Breweries-frameworks-${CONFIGURATION}-output-files.xcfilelist",
			);
			runOnlyForDeploymentPostprocessing = 0;
			shellPath = /bin/sh;
			shellScript = "\"${PODS_ROOT}/Target Support Files/Pods-Breweries/Pods-Breweries-frameworks.sh\"\n";
			showEnvVarsInLog = 0;
		};
/* End PBXShellScriptBuildPhase section */

/* Begin PBXSourcesBuildPhase section */
		47688581244753EF006F14AF /* Sources */ = {
			isa = PBXSourcesBuildPhase;
			buildActionMask = 2147483647;
			files = (
				474696E5249E1A210086B9B0 /* TextAttribute.swift in Sources */,
				476885A724478092006F14AF /* MapView.swift in Sources */,
				4763682C244E170300D477C1 /* DataLoader.swift in Sources */,
				4768858D244753EF006F14AF /* BreweryView.swift in Sources */,
				4763682A244E16BD00D477C1 /* Endpoint.swift in Sources */,
				47688589244753EF006F14AF /* AppDelegate.swift in Sources */,
				4768858B244753EF006F14AF /* SceneDelegate.swift in Sources */,
				47B53F292499F7720056EF6F /* BreweryPresenter.swift in Sources */,
				47636830244E17CF00D477C1 /* RealmDescribing.swift in Sources */,
				47B53F33249A02DB0056EF6F /* MapPresenter.swift in Sources */,
				4768859D2447561D006F14AF /* BreweryModel.swift in Sources */,
				47B53F2B2499F8720056EF6F /* Router.swift.swift in Sources */,
				4763682E244E174D00D477C1 /* BreweriesRepository.swift in Sources */,
				476885A92447891D006F14AF /* Location.swift in Sources */,
				4740A5D8244B495400E5BAA1 /* BreweriesStorage.swift in Sources */,
				47B53F3F249A4B8B0056EF6F /* BreweryTableViewCell.swift in Sources */,
				47B53F35249A053B0056EF6F /* AsselderBuilder.swift in Sources */,
			);
			runOnlyForDeploymentPostprocessing = 0;
		};
/* End PBXSourcesBuildPhase section */

/* Begin PBXVariantGroup section */
		4768858E244753EF006F14AF /* Main.storyboard */ = {
			isa = PBXVariantGroup;
			children = (
				4768858F244753EF006F14AF /* Base */,
			);
			name = Main.storyboard;
			sourceTree = "<group>";
		};
		47688593244753F5006F14AF /* LaunchScreen.storyboard */ = {
			isa = PBXVariantGroup;
			children = (
				47688594244753F5006F14AF /* Base */,
			);
			name = LaunchScreen.storyboard;
			sourceTree = "<group>";
		};
/* End PBXVariantGroup section */

/* Begin XCBuildConfiguration section */
		47688597244753F5006F14AF /* Debug */ = {
			isa = XCBuildConfiguration;
			buildSettings = {
				ALWAYS_SEARCH_USER_PATHS = NO;
				CLANG_ANALYZER_NONNULL = YES;
				CLANG_ANALYZER_NUMBER_OBJECT_CONVERSION = YES_AGGRESSIVE;
				CLANG_CXX_LANGUAGE_STANDARD = "gnu++14";
				CLANG_CXX_LIBRARY = "libc++";
				CLANG_ENABLE_MODULES = YES;
				CLANG_ENABLE_OBJC_ARC = YES;
				CLANG_ENABLE_OBJC_WEAK = YES;
				CLANG_WARN_BLOCK_CAPTURE_AUTORELEASING = YES;
				CLANG_WARN_BOOL_CONVERSION = YES;
				CLANG_WARN_COMMA = YES;
				CLANG_WARN_CONSTANT_CONVERSION = YES;
				CLANG_WARN_DEPRECATED_OBJC_IMPLEMENTATIONS = YES;
				CLANG_WARN_DIRECT_OBJC_ISA_USAGE = YES_ERROR;
				CLANG_WARN_DOCUMENTATION_COMMENTS = YES;
				CLANG_WARN_EMPTY_BODY = YES;
				CLANG_WARN_ENUM_CONVERSION = YES;
				CLANG_WARN_INFINITE_RECURSION = YES;
				CLANG_WARN_INT_CONVERSION = YES;
				CLANG_WARN_NON_LITERAL_NULL_CONVERSION = YES;
				CLANG_WARN_OBJC_IMPLICIT_RETAIN_SELF = YES;
				CLANG_WARN_OBJC_LITERAL_CONVERSION = YES;
				CLANG_WARN_OBJC_ROOT_CLASS = YES_ERROR;
				CLANG_WARN_RANGE_LOOP_ANALYSIS = YES;
				CLANG_WARN_STRICT_PROTOTYPES = YES;
				CLANG_WARN_SUSPICIOUS_MOVE = YES;
				CLANG_WARN_UNGUARDED_AVAILABILITY = YES_AGGRESSIVE;
				CLANG_WARN_UNREACHABLE_CODE = YES;
				CLANG_WARN__DUPLICATE_METHOD_MATCH = YES;
				COPY_PHASE_STRIP = NO;
				DEBUG_INFORMATION_FORMAT = dwarf;
				ENABLE_STRICT_OBJC_MSGSEND = YES;
				ENABLE_TESTABILITY = YES;
				GCC_C_LANGUAGE_STANDARD = gnu11;
				GCC_DYNAMIC_NO_PIC = NO;
				GCC_NO_COMMON_BLOCKS = YES;
				GCC_OPTIMIZATION_LEVEL = 0;
				GCC_PREPROCESSOR_DEFINITIONS = (
					"DEBUG=1",
					"$(inherited)",
				);
				GCC_WARN_64_TO_32_BIT_CONVERSION = YES;
				GCC_WARN_ABOUT_RETURN_TYPE = YES_ERROR;
				GCC_WARN_UNDECLARED_SELECTOR = YES;
				GCC_WARN_UNINITIALIZED_AUTOS = YES_AGGRESSIVE;
				GCC_WARN_UNUSED_FUNCTION = YES;
				GCC_WARN_UNUSED_VARIABLE = YES;
				IPHONEOS_DEPLOYMENT_TARGET = 13.4;
				MTL_ENABLE_DEBUG_INFO = INCLUDE_SOURCE;
				MTL_FAST_MATH = YES;
				ONLY_ACTIVE_ARCH = YES;
				SDKROOT = iphoneos;
				SWIFT_ACTIVE_COMPILATION_CONDITIONS = DEBUG;
				SWIFT_OPTIMIZATION_LEVEL = "-Onone";
			};
			name = Debug;
		};
		47688598244753F5006F14AF /* Release */ = {
			isa = XCBuildConfiguration;
			buildSettings = {
				ALWAYS_SEARCH_USER_PATHS = NO;
				CLANG_ANALYZER_NONNULL = YES;
				CLANG_ANALYZER_NUMBER_OBJECT_CONVERSION = YES_AGGRESSIVE;
				CLANG_CXX_LANGUAGE_STANDARD = "gnu++14";
				CLANG_CXX_LIBRARY = "libc++";
				CLANG_ENABLE_MODULES = YES;
				CLANG_ENABLE_OBJC_ARC = YES;
				CLANG_ENABLE_OBJC_WEAK = YES;
				CLANG_WARN_BLOCK_CAPTURE_AUTORELEASING = YES;
				CLANG_WARN_BOOL_CONVERSION = YES;
				CLANG_WARN_COMMA = YES;
				CLANG_WARN_CONSTANT_CONVERSION = YES;
				CLANG_WARN_DEPRECATED_OBJC_IMPLEMENTATIONS = YES;
				CLANG_WARN_DIRECT_OBJC_ISA_USAGE = YES_ERROR;
				CLANG_WARN_DOCUMENTATION_COMMENTS = YES;
				CLANG_WARN_EMPTY_BODY = YES;
				CLANG_WARN_ENUM_CONVERSION = YES;
				CLANG_WARN_INFINITE_RECURSION = YES;
				CLANG_WARN_INT_CONVERSION = YES;
				CLANG_WARN_NON_LITERAL_NULL_CONVERSION = YES;
				CLANG_WARN_OBJC_IMPLICIT_RETAIN_SELF = YES;
				CLANG_WARN_OBJC_LITERAL_CONVERSION = YES;
				CLANG_WARN_OBJC_ROOT_CLASS = YES_ERROR;
				CLANG_WARN_RANGE_LOOP_ANALYSIS = YES;
				CLANG_WARN_STRICT_PROTOTYPES = YES;
				CLANG_WARN_SUSPICIOUS_MOVE = YES;
				CLANG_WARN_UNGUARDED_AVAILABILITY = YES_AGGRESSIVE;
				CLANG_WARN_UNREACHABLE_CODE = YES;
				CLANG_WARN__DUPLICATE_METHOD_MATCH = YES;
				COPY_PHASE_STRIP = NO;
				DEBUG_INFORMATION_FORMAT = "dwarf-with-dsym";
				ENABLE_NS_ASSERTIONS = NO;
				ENABLE_STRICT_OBJC_MSGSEND = YES;
				GCC_C_LANGUAGE_STANDARD = gnu11;
				GCC_NO_COMMON_BLOCKS = YES;
				GCC_WARN_64_TO_32_BIT_CONVERSION = YES;
				GCC_WARN_ABOUT_RETURN_TYPE = YES_ERROR;
				GCC_WARN_UNDECLARED_SELECTOR = YES;
				GCC_WARN_UNINITIALIZED_AUTOS = YES_AGGRESSIVE;
				GCC_WARN_UNUSED_FUNCTION = YES;
				GCC_WARN_UNUSED_VARIABLE = YES;
				IPHONEOS_DEPLOYMENT_TARGET = 13.4;
				MTL_ENABLE_DEBUG_INFO = NO;
				MTL_FAST_MATH = YES;
				SDKROOT = iphoneos;
				SWIFT_COMPILATION_MODE = wholemodule;
				SWIFT_OPTIMIZATION_LEVEL = "-O";
				VALIDATE_PRODUCT = YES;
			};
			name = Release;
		};
		4768859A244753F5006F14AF /* Debug */ = {
			isa = XCBuildConfiguration;
			baseConfigurationReference = D59E50BD694652A606A86AC6 /* Pods-Breweries.debug.xcconfig */;
			buildSettings = {
				ASSETCATALOG_COMPILER_APPICON_NAME = AppIcon;
				CODE_SIGN_STYLE = Automatic;
				DEVELOPMENT_TEAM = Z67C29K2Q6;
				INFOPLIST_FILE = Breweries/Info.plist;
				LD_RUNPATH_SEARCH_PATHS = (
					"$(inherited)",
					"@executable_path/Frameworks",
				);
				PRODUCT_BUNDLE_IDENTIFIER = com.Breweries;
				PRODUCT_NAME = "$(TARGET_NAME)";
				SWIFT_VERSION = 5.0;
				TARGETED_DEVICE_FAMILY = "1,2";
			};
			name = Debug;
		};
		4768859B244753F5006F14AF /* Release */ = {
			isa = XCBuildConfiguration;
			baseConfigurationReference = F493A0FA70DAD989DEAEA9C8 /* Pods-Breweries.release.xcconfig */;
			buildSettings = {
				ASSETCATALOG_COMPILER_APPICON_NAME = AppIcon;
				CODE_SIGN_STYLE = Automatic;
				DEVELOPMENT_TEAM = Z67C29K2Q6;
				INFOPLIST_FILE = Breweries/Info.plist;
				LD_RUNPATH_SEARCH_PATHS = (
					"$(inherited)",
					"@executable_path/Frameworks",
				);
				PRODUCT_BUNDLE_IDENTIFIER = com.Breweries;
				PRODUCT_NAME = "$(TARGET_NAME)";
				SWIFT_VERSION = 5.0;
				TARGETED_DEVICE_FAMILY = "1,2";
			};
			name = Release;
		};
/* End XCBuildConfiguration section */

/* Begin XCConfigurationList section */
		47688580244753EF006F14AF /* Build configuration list for PBXProject "Breweries" */ = {
			isa = XCConfigurationList;
			buildConfigurations = (
				47688597244753F5006F14AF /* Debug */,
				47688598244753F5006F14AF /* Release */,
			);
			defaultConfigurationIsVisible = 0;
			defaultConfigurationName = Release;
		};
		47688599244753F5006F14AF /* Build configuration list for PBXNativeTarget "Breweries" */ = {
			isa = XCConfigurationList;
			buildConfigurations = (
				4768859A244753F5006F14AF /* Debug */,
				4768859B244753F5006F14AF /* Release */,
			);
			defaultConfigurationIsVisible = 0;
			defaultConfigurationName = Release;
		};
/* End XCConfigurationList section */
	};
	rootObject = 4768857D244753EF006F14AF /* Project object */;
}
